
Microsoft Visual Studio Solution File, Format Version 12.00
# Visual Studio Version 16
VisualStudioVersion = 25.0.1703.6
MinimumVisualStudioVersion = 10.0.40219.1
Project("{FAE04EC0-301F-11D3-BF4B-00C04F79EFBC}") = "beta", "beta.csproj", "{A0A4084A-6341-4180-B852-7C5740B66B49}"
EndProject
Global
	GlobalSection(SolutionConfigurationPlatforms) = preSolution
		Debug|Any CPU = Debug|Any CPU
		Release|Any CPU = Release|Any CPU
	EndGlobalSection
	GlobalSection(ProjectConfigurationPlatforms) = postSolution
		{A0A4084A-6341-4180-B852-7C5740B66B49}.Debug|Any CPU.ActiveCfg = Debug|Any CPU
		{A0A4084A-6341-4180-B852-7C5740B66B49}.Debug|Any CPU.Build.0 = Debug|Any CPU
		{A0A4084A-6341-4180-B852-7C5740B66B49}.Release|Any CPU.ActiveCfg = Release|Any CPU
		{A0A4084A-6341-4180-B852-7C5740B66B49}.Release|Any CPU.Build.0 = Release|Any CPU
	EndGlobalSection
	GlobalSection(SolutionProperties) = preSolution
		HideSolutionNode = FALSE
	EndGlobalSection
	GlobalSection(ExtensibilityGlobals) = postSolution
		SolutionGuid = {859C1634-14E4-4080-97CD-40F36575C2C4}
	EndGlobalSection
EndGlobal
